// !$*UTF8*$!
{
	archiveVersion = 1;
	classes = {
	};
	objectVersion = 46;
	objects = {

/* Begin PBXBuildFile section */
		C7A0E7D513D49E7500498F18 /* UIKit.framework in Frameworks */ = {isa = PBXBuildFile; fileRef = C7A0E7D413D49E7500498F18 /* UIKit.framework */; };
		C7A0E7D713D49E7500498F18 /* Foundation.framework in Frameworks */ = {isa = PBXBuildFile; fileRef = C7A0E7D613D49E7500498F18 /* Foundation.framework */; };
		C7A0E7D913D49E7500498F18 /* CoreGraphics.framework in Frameworks */ = {isa = PBXBuildFile; fileRef = C7A0E7D813D49E7500498F18 /* CoreGraphics.framework */; };
		C7A0E7DF13D49E7500498F18 /* InfoPlist.strings in Resources */ = {isa = PBXBuildFile; fileRef = C7A0E7DD13D49E7500498F18 /* InfoPlist.strings */; };
		C7A0E7E113D49E7500498F18 /* main.m in Sources */ = {isa = PBXBuildFile; fileRef = C7A0E7E013D49E7500498F18 /* main.m */; };
		C7A0E7E513D49E7500498F18 /* HttpTesterAppDelegate.m in Sources */ = {isa = PBXBuildFile; fileRef = C7A0E7E413D49E7500498F18 /* HttpTesterAppDelegate.m */; };
		C7A0E7E813D49E7500498F18 /* MasterViewController.m in Sources */ = {isa = PBXBuildFile; fileRef = C7A0E7E713D49E7500498F18 /* MasterViewController.m */; };
		C7A0E7EB13D49E7500498F18 /* DetailViewController.m in Sources */ = {isa = PBXBuildFile; fileRef = C7A0E7EA13D49E7500498F18 /* DetailViewController.m */; };
		C7A0E7EE13D49E7500498F18 /* MasterViewController.xib in Resources */ = {isa = PBXBuildFile; fileRef = C7A0E7EC13D49E7500498F18 /* MasterViewController.xib */; };
		C7A0E7F113D49E7500498F18 /* DetailViewController.xib in Resources */ = {isa = PBXBuildFile; fileRef = C7A0E7EF13D49E7500498F18 /* DetailViewController.xib */; };
/* End PBXBuildFile section */

/* Begin PBXFileReference section */
		C7A0E7D013D49E7500498F18 /* HttpTester.app */ = {isa = PBXFileReference; explicitFileType = wrapper.application; includeInIndex = 0; path = HttpTester.app; sourceTree = BUILT_PRODUCTS_DIR; };
		C7A0E7D413D49E7500498F18 /* UIKit.framework */ = {isa = PBXFileReference; lastKnownFileType = wrapper.framework; name = UIKit.framework; path = System/Library/Frameworks/UIKit.framework; sourceTree = SDKROOT; };
		C7A0E7D613D49E7500498F18 /* Foundation.framework */ = {isa = PBXFileReference; lastKnownFileType = wrapper.framework; name = Foundation.framework; path = System/Library/Frameworks/Foundation.framework; sourceTree = SDKROOT; };
		C7A0E7D813D49E7500498F18 /* CoreGraphics.framework */ = {isa = PBXFileReference; lastKnownFileType = wrapper.framework; name = CoreGraphics.framework; path = System/Library/Frameworks/CoreGraphics.framework; sourceTree = SDKROOT; };
		C7A0E7DC13D49E7500498F18 /* HttpTester-Info.plist */ = {isa = PBXFileReference; lastKnownFileType = text.plist.xml; path = "HttpTester-Info.plist"; sourceTree = "<group>"; };
		C7A0E7DE13D49E7500498F18 /* en */ = {isa = PBXFileReference; lastKnownFileType = text.plist.strings; name = en; path = en.lproj/InfoPlist.strings; sourceTree = "<group>"; };
		C7A0E7E013D49E7500498F18 /* main.m */ = {isa = PBXFileReference; lastKnownFileType = sourcecode.c.objc; path = main.m; sourceTree = "<group>"; };
		C7A0E7E213D49E7500498F18 /* HttpTester-Prefix.pch */ = {isa = PBXFileReference; lastKnownFileType = sourcecode.c.h; path = "HttpTester-Prefix.pch"; sourceTree = "<group>"; };
		C7A0E7E313D49E7500498F18 /* HttpTesterAppDelegate.h */ = {isa = PBXFileReference; lastKnownFileType = sourcecode.c.h; path = HttpTesterAppDelegate.h; sourceTree = "<group>"; };
		C7A0E7E413D49E7500498F18 /* HttpTesterAppDelegate.m */ = {isa = PBXFileReference; lastKnownFileType = sourcecode.c.objc; path = HttpTesterAppDelegate.m; sourceTree = "<group>"; };
		C7A0E7E613D49E7500498F18 /* MasterViewController.h */ = {isa = PBXFileReference; lastKnownFileType = sourcecode.c.h; path = MasterViewController.h; sourceTree = "<group>"; };
		C7A0E7E713D49E7500498F18 /* MasterViewController.m */ = {isa = PBXFileReference; lastKnownFileType = sourcecode.c.objc; path = MasterViewController.m; sourceTree = "<group>"; };
		C7A0E7E913D49E7500498F18 /* DetailViewController.h */ = {isa = PBXFileReference; lastKnownFileType = sourcecode.c.h; path = DetailViewController.h; sourceTree = "<group>"; };
		C7A0E7EA13D49E7500498F18 /* DetailViewController.m */ = {isa = PBXFileReference; lastKnownFileType = sourcecode.c.objc; path = DetailViewController.m; sourceTree = "<group>"; };
		C7A0E7ED13D49E7500498F18 /* en */ = {isa = PBXFileReference; lastKnownFileType = file.xib; name = en; path = en.lproj/MasterViewController.xib; sourceTree = "<group>"; };
		C7A0E7F013D49E7500498F18 /* en */ = {isa = PBXFileReference; lastKnownFileType = file.xib; name = en; path = en.lproj/DetailViewController.xib; sourceTree = "<group>"; };
/* End PBXFileReference section */

/* Begin PBXFrameworksBuildPhase section */
		C7A0E7CD13D49E7500498F18 /* Frameworks */ = {
			isa = PBXFrameworksBuildPhase;
			buildActionMask = 2147483647;
			files = (
				C7A0E7D513D49E7500498F18 /* UIKit.framework in Frameworks */,
				C7A0E7D713D49E7500498F18 /* Foundation.framework in Frameworks */,
				C7A0E7D913D49E7500498F18 /* CoreGraphics.framework in Frameworks */,
			);
			runOnlyForDeploymentPostprocessing = 0;
		};
/* End PBXFrameworksBuildPhase section */

/* Begin PBXGroup section */
		C7A0E7C513D49E7500498F18 = {
			isa = PBXGroup;
			children = (
				C7A0E7DA13D49E7500498F18 /* HttpTester */,
				C7A0E7D313D49E7500498F18 /* Frameworks */,
				C7A0E7D113D49E7500498F18 /* Products */,
			);
			sourceTree = "<group>";
		};
		C7A0E7D113D49E7500498F18 /* Products */ = {
			isa = PBXGroup;
			children = (
				C7A0E7D013D49E7500498F18 /* HttpTester.app */,
			);
			name = Products;
			sourceTree = "<group>";
		};
		C7A0E7D313D49E7500498F18 /* Frameworks */ = {
			isa = PBXGroup;
			children = (
				C7A0E7D413D49E7500498F18 /* UIKit.framework */,
				C7A0E7D613D49E7500498F18 /* Foundation.framework */,
				C7A0E7D813D49E7500498F18 /* CoreGraphics.framework */,
			);
			name = Frameworks;
			sourceTree = "<group>";
		};
		C7A0E7DA13D49E7500498F18 /* HttpTester */ = {
			isa = PBXGroup;
			children = (
				C7A0E7E313D49E7500498F18 /* HttpTesterAppDelegate.h */,
				C7A0E7E413D49E7500498F18 /* HttpTesterAppDelegate.m */,
				C7A0E7E613D49E7500498F18 /* MasterViewController.h */,
				C7A0E7E713D49E7500498F18 /* MasterViewController.m */,
				C7A0E7E913D49E7500498F18 /* DetailViewController.h */,
				C7A0E7EA13D49E7500498F18 /* DetailViewController.m */,
				C7A0E7EC13D49E7500498F18 /* MasterViewController.xib */,
				C7A0E7EF13D49E7500498F18 /* DetailViewController.xib */,
				C7A0E7DB13D49E7500498F18 /* Supporting Files */,
			);
			path = HttpTester;
			sourceTree = "<group>";
		};
		C7A0E7DB13D49E7500498F18 /* Supporting Files */ = {
			isa = PBXGroup;
			children = (
				C7A0E7DC13D49E7500498F18 /* HttpTester-Info.plist */,
				C7A0E7DD13D49E7500498F18 /* InfoPlist.strings */,
				C7A0E7E013D49E7500498F18 /* main.m */,
				C7A0E7E213D49E7500498F18 /* HttpTester-Prefix.pch */,
			);
			name = "Supporting Files";
			sourceTree = "<group>";
		};
/* End PBXGroup section */

/* Begin PBXNativeTarget section */
		C7A0E7CF13D49E7500498F18 /* HttpTester */ = {
			isa = PBXNativeTarget;
			buildConfigurationList = C7A0E7F413D49E7500498F18 /* Build configuration list for PBXNativeTarget "HttpTester" */;
			buildPhases = (
				C7A0E7CC13D49E7500498F18 /* Sources */,
				C7A0E7CD13D49E7500498F18 /* Frameworks */,
				C7A0E7CE13D49E7500498F18 /* Resources */,
			);
			buildRules = (
			);
			dependencies = (
			);
			name = HttpTester;
			productName = HttpTester;
			productReference = C7A0E7D013D49E7500498F18 /* HttpTester.app */;
			productType = "com.apple.product-type.application";
		};
/* End PBXNativeTarget section */

/* Begin PBXProject section */
		C7A0E7C713D49E7500498F18 /* Project object */ = {
			isa = PBXProject;
			buildConfigurationList = C7A0E7CA13D49E7500498F18 /* Build configuration list for PBXProject "HttpTester" */;
			compatibilityVersion = "Xcode 3.2";
			developmentRegion = English;
			hasScannedForEncodings = 0;
			knownRegions = (
				en,
			);
			mainGroup = C7A0E7C513D49E7500498F18;
			productRefGroup = C7A0E7D113D49E7500498F18 /* Products */;
			projectDirPath = "";
			projectRoot = "";
			targets = (
				C7A0E7CF13D49E7500498F18 /* HttpTester */,
			);
		};
/* End PBXProject section */

/* Begin PBXResourcesBuildPhase section */
		C7A0E7CE13D49E7500498F18 /* Resources */ = {
			isa = PBXResourcesBuildPhase;
			buildActionMask = 2147483647;
			files = (
				C7A0E7DF13D49E7500498F18 /* InfoPlist.strings in Resources */,
				C7A0E7EE13D49E7500498F18 /* MasterViewController.xib in Resources */,
				C7A0E7F113D49E7500498F18 /* DetailViewController.xib in Resources */,
			);
			runOnlyForDeploymentPostprocessing = 0;
		};
/* End PBXResourcesBuildPhase section */

/* Begin PBXSourcesBuildPhase section */
		C7A0E7CC13D49E7500498F18 /* Sources */ = {
			isa = PBXSourcesBuildPhase;
			buildActionMask = 2147483647;
			files = (
				C7A0E7E113D49E7500498F18 /* main.m in Sources */,
				C7A0E7E513D49E7500498F18 /* HttpTesterAppDelegate.m in Sources */,
				C7A0E7E813D49E7500498F18 /* MasterViewController.m in Sources */,
				C7A0E7EB13D49E7500498F18 /* DetailViewController.m in Sources */,
			);
			runOnlyForDeploymentPostprocessing = 0;
		};
/* End PBXSourcesBuildPhase section */

/* Begin PBXVariantGroup section */
		C7A0E7DD13D49E7500498F18 /* InfoPlist.strings */ = {
			isa = PBXVariantGroup;
			children = (
				C7A0E7DE13D49E7500498F18 /* en */,
			);
			name = InfoPlist.strings;
			sourceTree = "<group>";
		};
		C7A0E7EC13D49E7500498F18 /* MasterViewController.xib */ = {
			isa = PBXVariantGroup;
			children = (
				C7A0E7ED13D49E7500498F18 /* en */,
			);
			name = MasterViewController.xib;
			sourceTree = "<group>";
		};
		C7A0E7EF13D49E7500498F18 /* DetailViewController.xib */ = {
			isa = PBXVariantGroup;
			children = (
				C7A0E7F013D49E7500498F18 /* en */,
			);
			name = DetailViewController.xib;
			sourceTree = "<group>";
		};
/* End PBXVariantGroup section */

/* Begin XCBuildConfiguration section */
		C7A0E7F213D49E7500498F18 /* Debug */ = {
			isa = XCBuildConfiguration;
			buildSettings = {
				ALWAYS_SEARCH_USER_PATHS = NO;
				ARCHS = "$(ARCHS_STANDARD_32_BIT)";
				CLANG_ENABLE_OBJC_ARC = YES;
				"CODE_SIGN_IDENTITY[sdk=iphoneos*]" = "iPhone Developer";
				COPY_PHASE_STRIP = NO;
				GCC_C_LANGUAGE_STANDARD = gnu99;
				GCC_DYNAMIC_NO_PIC = NO;
				GCC_OPTIMIZATION_LEVEL = 0;
				GCC_PREPROCESSOR_DEFINITIONS = (
					"DEBUG=1",
					"$(inherited)",
				);
				GCC_SYMBOLS_PRIVATE_EXTERN = NO;
				GCC_VERSION = com.apple.compilers.llvm.clang.1_0;
				GCC_WARN_ABOUT_MISSING_PROTOTYPES = YES;
				GCC_WARN_ABOUT_RETURN_TYPE = YES;
				GCC_WARN_UNUSED_VARIABLE = YES;
				IPHONEOS_DEPLOYMENT_TARGET = 5.0;
				SDKROOT = iphoneos;
			};
			name = Debug;
		};
		C7A0E7F313D49E7500498F18 /* Release */ = {
			isa = XCBuildConfiguration;
			buildSettings = {
				ALWAYS_SEARCH_USER_PATHS = NO;
				ARCHS = "$(ARCHS_STANDARD_32_BIT)";
				CLANG_ENABLE_OBJC_ARC = YES;
				"CODE_SIGN_IDENTITY[sdk=iphoneos*]" = "iPhone Developer";
				COPY_PHASE_STRIP = YES;
				GCC_C_LANGUAGE_STANDARD = gnu99;
				GCC_VERSION = com.apple.compilers.llvm.clang.1_0;
				GCC_WARN_ABOUT_MISSING_PROTOTYPES = YES;
				GCC_WARN_ABOUT_RETURN_TYPE = YES;
				GCC_WARN_UNUSED_VARIABLE = YES;
				IPHONEOS_DEPLOYMENT_TARGET = 5.0;
				OTHER_CFLAGS = "-DNS_BLOCK_ASSERTIONS=1";
				SDKROOT = iphoneos;
				VALIDATE_PRODUCT = YES;
			};
			name = Release;
		};
		C7A0E7F513D49E7500498F18 /* Debug */ = {
			isa = XCBuildConfiguration;
			buildSettings = {
				GCC_PRECOMPILE_PREFIX_HEADER = YES;
				GCC_PREFIX_HEADER = "HttpTester/HttpTester-Prefix.pch";
				INFOPLIST_FILE = "HttpTester/HttpTester-Info.plist";
				PRODUCT_NAME = "$(TARGET_NAME)";
				WRAPPER_EXTENSION = app;
			};
			name = Debug;
		};
		C7A0E7F613D49E7500498F18 /* Release */ = {
			isa = XCBuildConfiguration;
			buildSettings = {
				GCC_PRECOMPILE_PREFIX_HEADER = YES;
				GCC_PREFIX_HEADER = "HttpTester/HttpTester-Prefix.pch";
				INFOPLIST_FILE = "HttpTester/HttpTester-Info.plist";
				PRODUCT_NAME = "$(TARGET_NAME)";
				WRAPPER_EXTENSION = app;
			};
			name = Release;
		};
/* End XCBuildConfiguration section */

/* Begin XCConfigurationList section */
		C7A0E7CA13D49E7500498F18 /* Build configuration list for PBXProject "HttpTester" */ = {
			isa = XCConfigurationList;
			buildConfigurations = (
				C7A0E7F213D49E7500498F18 /* Debug */,
				C7A0E7F313D49E7500498F18 /* Release */,
			);
			defaultConfigurationIsVisible = 0;
			defaultConfigurationName = Release;
		};
		C7A0E7F413D49E7500498F18 /* Build configuration list for PBXNativeTarget "HttpTester" */ = {
			isa = XCConfigurationList;
			buildConfigurations = (
				C7A0E7F513D49E7500498F18 /* Debug */,
				C7A0E7F613D49E7500498F18 /* Release */,
			);
			defaultConfigurationIsVisible = 0;
		};
/* End XCConfigurationList section */
	};
	rootObject = C7A0E7C713D49E7500498F18 /* Project object */;
}
